
Microsoft Visual Studio Solution File, Format Version 12.00
# Visual Studio Version 17
VisualStudioVersion = 17.5.002.0
MinimumVisualStudioVersion = 10.0.40219.1
Project("{9A19103F-16F7-4668-BE54-9A1E7A4F7556}") = "AlunoAprovacao", "AlunoAprovacao.csproj", "{0F5AD9BE-C579-4B6D-A9F6-A8D30660E671}"
EndProject
Global
	GlobalSection(SolutionConfigurationPlatforms) = preSolution
		Debug|Any CPU = Debug|Any CPU
		Release|Any CPU = Release|Any CPU
	EndGlobalSection
	GlobalSection(ProjectConfigurationPlatforms) = postSolution
		{0F5AD9BE-C579-4B6D-A9F6-A8D30660E671}.Debug|Any CPU.ActiveCfg = Debug|Any CPU
		{0F5AD9BE-C579-4B6D-A9F6-A8D30660E671}.Debug|Any CPU.Build.0 = Debug|Any CPU
		{0F5AD9BE-C579-4B6D-A9F6-A8D30660E671}.Release|Any CPU.ActiveCfg = Release|Any CPU
		{0F5AD9BE-C579-4B6D-A9F6-A8D30660E671}.Release|Any CPU.Build.0 = Release|Any CPU
	EndGlobalSection
	GlobalSection(SolutionProperties) = preSolution
		HideSolutionNode = FALSE
	EndGlobalSection
	GlobalSection(ExtensibilityGlobals) = postSolution
		SolutionGuid = {1B1618E0-C394-4A2E-ABB0-942C7B178FEF}
	EndGlobalSection
EndGlobal
